
Microsoft Visual Studio Solution File, Format Version 12.00
# Visual Studio Version 16
VisualStudioVersion = 16.0.30114.105
MinimumVisualStudioVersion = 10.0.40219.1
Project("{FAE04EC0-301F-11D3-BF4B-00C04F79EFBC}") = "FootBall", "FootBall\FootBall.csproj", "{E0B9837F-B7A0-453A-881C-F1F959E4BC72}"
EndProject
Global
	GlobalSection(SolutionConfigurationPlatforms) = preSolution
		Debug|Any CPU = Debug|Any CPU
		Release|Any CPU = Release|Any CPU
	EndGlobalSection
	GlobalSection(ProjectConfigurationPlatforms) = postSolution
		{E0B9837F-B7A0-453A-881C-F1F959E4BC72}.Debug|Any CPU.ActiveCfg = Debug|Any CPU
		{E0B9837F-B7A0-453A-881C-F1F959E4BC72}.Debug|Any CPU.Build.0 = Debug|Any CPU
		{E0B9837F-B7A0-453A-881C-F1F959E4BC72}.Release|Any CPU.ActiveCfg = Release|Any CPU
		{E0B9837F-B7A0-453A-881C-F1F959E4BC72}.Release|Any CPU.Build.0 = Release|Any CPU
	EndGlobalSection
	GlobalSection(SolutionProperties) = preSolution
		HideSolutionNode = FALSE
	EndGlobalSection
	GlobalSection(ExtensibilityGlobals) = postSolution
		SolutionGuid = {3EB43CE1-5290-4D6F-B870-0EA7E9FFF5F1}
	EndGlobalSection
EndGlobal
